
Microsoft Visual Studio Solution File, Format Version 12.00
# Visual Studio Version 17
VisualStudioVersion = 17.0.31903.59
MinimumVisualStudioVersion = 10.0.40219.1
Project("{2150E333-8FDC-42A3-9474-1A3956D46DE8}") = "src", "src", "{827E0CD3-B72D-47B6-A68D-7590B98EB39B}"
EndProject
Project("{FAE04EC0-301F-11D3-BF4B-00C04F79EFBC}") = "Accounts.Api", "src\Accounts.Api\Accounts.Api.csproj", "{F339279F-DF5C-4EF2-8F8B-5C79FCC5D174}"
EndProject
Project("{FAE04EC0-301F-11D3-BF4B-00C04F79EFBC}") = "Accounts.Application", "src\Accounts.Application\Accounts.Application.csproj", "{BA83A61F-38E7-4DDE-A204-78114D56BF6B}"
EndProject
Project("{FAE04EC0-301F-11D3-BF4B-00C04F79EFBC}") = "Accounts.Domain", "src\Accounts.Domain\Accounts.Domain.csproj", "{4697476D-6E68-4229-8676-CDF7872CFDC7}"
EndProject
Project("{FAE04EC0-301F-11D3-BF4B-00C04F79EFBC}") = "Accounts.Infrastructure", "src\Accounts.Infrastructure\Accounts.Infrastructure.csproj", "{52C7632D-71AE-40BE-9D25-15AB8A394BB2}"
EndProject
Project("{FAE04EC0-301F-11D3-BF4B-00C04F79EFBC}") = "Bank.Contracts", "src\Bank.Contracts\Bank.Contracts.csproj", "{8CDB9983-4184-442D-A2FA-A40BCD08F76D}"
EndProject
Project("{FAE04EC0-301F-11D3-BF4B-00C04F79EFBC}") = "Clients.Api", "src\Clients.Api\Clients.Api.csproj", "{64D7F511-72FE-471C-9E25-7FFF23885070}"
EndProject
Project("{FAE04EC0-301F-11D3-BF4B-00C04F79EFBC}") = "Clients.Application", "src\Clients.Application\Clients.Application.csproj", "{FE7ED500-0514-4C44-BDF9-25CD4F00D4C1}"
EndProject
Project("{FAE04EC0-301F-11D3-BF4B-00C04F79EFBC}") = "Clients.Domain", "src\Clients.Domain\Clients.Domain.csproj", "{924B1933-F0B2-469E-BA6D-84C30C8CA06B}"
EndProject
Project("{FAE04EC0-301F-11D3-BF4B-00C04F79EFBC}") = "Clients.Infrastructure", "src\Clients.Infrastructure\Clients.Infrastructure.csproj", "{8E7A8F6B-814E-41D9-B879-94FFE42478FD}"
EndProject
Global
	GlobalSection(SolutionConfigurationPlatforms) = preSolution
		Debug|Any CPU = Debug|Any CPU
		Debug|x64 = Debug|x64
		Debug|x86 = Debug|x86
		Release|Any CPU = Release|Any CPU
		Release|x64 = Release|x64
		Release|x86 = Release|x86
	EndGlobalSection
	GlobalSection(ProjectConfigurationPlatforms) = postSolution
		{F339279F-DF5C-4EF2-8F8B-5C79FCC5D174}.Debug|Any CPU.ActiveCfg = Debug|Any CPU
		{F339279F-DF5C-4EF2-8F8B-5C79FCC5D174}.Debug|Any CPU.Build.0 = Debug|Any CPU
		{F339279F-DF5C-4EF2-8F8B-5C79FCC5D174}.Debug|x64.ActiveCfg = Debug|Any CPU
		{F339279F-DF5C-4EF2-8F8B-5C79FCC5D174}.Debug|x64.Build.0 = Debug|Any CPU
		{F339279F-DF5C-4EF2-8F8B-5C79FCC5D174}.Debug|x86.ActiveCfg = Debug|Any CPU
		{F339279F-DF5C-4EF2-8F8B-5C79FCC5D174}.Debug|x86.Build.0 = Debug|Any CPU
		{F339279F-DF5C-4EF2-8F8B-5C79FCC5D174}.Release|Any CPU.ActiveCfg = Release|Any CPU
		{F339279F-DF5C-4EF2-8F8B-5C79FCC5D174}.Release|Any CPU.Build.0 = Release|Any CPU
		{F339279F-DF5C-4EF2-8F8B-5C79FCC5D174}.Release|x64.ActiveCfg = Release|Any CPU
		{F339279F-DF5C-4EF2-8F8B-5C79FCC5D174}.Release|x64.Build.0 = Release|Any CPU
		{F339279F-DF5C-4EF2-8F8B-5C79FCC5D174}.Release|x86.ActiveCfg = Release|Any CPU
		{F339279F-DF5C-4EF2-8F8B-5C79FCC5D174}.Release|x86.Build.0 = Release|Any CPU
		{BA83A61F-38E7-4DDE-A204-78114D56BF6B}.Debug|Any CPU.ActiveCfg = Debug|Any CPU
		{BA83A61F-38E7-4DDE-A204-78114D56BF6B}.Debug|Any CPU.Build.0 = Debug|Any CPU
		{BA83A61F-38E7-4DDE-A204-78114D56BF6B}.Debug|x64.ActiveCfg = Debug|Any CPU
		{BA83A61F-38E7-4DDE-A204-78114D56BF6B}.Debug|x64.Build.0 = Debug|Any CPU
		{BA83A61F-38E7-4DDE-A204-78114D56BF6B}.Debug|x86.ActiveCfg = Debug|Any CPU
		{BA83A61F-38E7-4DDE-A204-78114D56BF6B}.Debug|x86.Build.0 = Debug|Any CPU
		{BA83A61F-38E7-4DDE-A204-78114D56BF6B}.Release|Any CPU.ActiveCfg = Release|Any CPU
		{BA83A61F-38E7-4DDE-A204-78114D56BF6B}.Release|Any CPU.Build.0 = Release|Any CPU
		{BA83A61F-38E7-4DDE-A204-78114D56BF6B}.Release|x64.ActiveCfg = Release|Any CPU
		{BA83A61F-38E7-4DDE-A204-78114D56BF6B}.Release|x64.Build.0 = Release|Any CPU
		{BA83A61F-38E7-4DDE-A204-78114D56BF6B}.Release|x86.ActiveCfg = Release|Any CPU
		{BA83A61F-38E7-4DDE-A204-78114D56BF6B}.Release|x86.Build.0 = Release|Any CPU
		{4697476D-6E68-4229-8676-CDF7872CFDC7}.Debug|Any CPU.ActiveCfg = Debug|Any CPU
		{4697476D-6E68-4229-8676-CDF7872CFDC7}.Debug|Any CPU.Build.0 = Debug|Any CPU
		{4697476D-6E68-4229-8676-CDF7872CFDC7}.Debug|x64.ActiveCfg = Debug|Any CPU
		{4697476D-6E68-4229-8676-CDF7872CFDC7}.Debug|x64.Build.0 = Debug|Any CPU
		{4697476D-6E68-4229-8676-CDF7872CFDC7}.Debug|x86.ActiveCfg = Debug|Any CPU
		{4697476D-6E68-4229-8676-CDF7872CFDC7}.Debug|x86.Build.0 = Debug|Any CPU
		{4697476D-6E68-4229-8676-CDF7872CFDC7}.Release|Any CPU.ActiveCfg = Release|Any CPU
		{4697476D-6E68-4229-8676-CDF7872CFDC7}.Release|Any CPU.Build.0 = Release|Any CPU
		{4697476D-6E68-4229-8676-CDF7872CFDC7}.Release|x64.ActiveCfg = Release|Any CPU
		{4697476D-6E68-4229-8676-CDF7872CFDC7}.Release|x64.Build.0 = Release|Any CPU
		{4697476D-6E68-4229-8676-CDF7872CFDC7}.Release|x86.ActiveCfg = Release|Any CPU
		{4697476D-6E68-4229-8676-CDF7872CFDC7}.Release|x86.Build.0 = Release|Any CPU
		{52C7632D-71AE-40BE-9D25-15AB8A394BB2}.Debug|Any CPU.ActiveCfg = Debug|Any CPU
		{52C7632D-71AE-40BE-9D25-15AB8A394BB2}.Debug|Any CPU.Build.0 = Debug|Any CPU
		{52C7632D-71AE-40BE-9D25-15AB8A394BB2}.Debug|x64.ActiveCfg = Debug|Any CPU
		{52C7632D-71AE-40BE-9D25-15AB8A394BB2}.Debug|x64.Build.0 = Debug|Any CPU
		{52C7632D-71AE-40BE-9D25-15AB8A394BB2}.Debug|x86.ActiveCfg = Debug|Any CPU
		{52C7632D-71AE-40BE-9D25-15AB8A394BB2}.Debug|x86.Build.0 = Debug|Any CPU
		{52C7632D-71AE-40BE-9D25-15AB8A394BB2}.Release|Any CPU.ActiveCfg = Release|Any CPU
		{52C7632D-71AE-40BE-9D25-15AB8A394BB2}.Release|Any CPU.Build.0 = Release|Any CPU
		{52C7632D-71AE-40BE-9D25-15AB8A394BB2}.Release|x64.ActiveCfg = Release|Any CPU
		{52C7632D-71AE-40BE-9D25-15AB8A394BB2}.Release|x64.Build.0 = Release|Any CPU
		{52C7632D-71AE-40BE-9D25-15AB8A394BB2}.Release|x86.ActiveCfg = Release|Any CPU
		{52C7632D-71AE-40BE-9D25-15AB8A394BB2}.Release|x86.Build.0 = Release|Any CPU
		{8CDB9983-4184-442D-A2FA-A40BCD08F76D}.Debug|Any CPU.ActiveCfg = Debug|Any CPU
		{8CDB9983-4184-442D-A2FA-A40BCD08F76D}.Debug|Any CPU.Build.0 = Debug|Any CPU
		{8CDB9983-4184-442D-A2FA-A40BCD08F76D}.Debug|x64.ActiveCfg = Debug|Any CPU
		{8CDB9983-4184-442D-A2FA-A40BCD08F76D}.Debug|x64.Build.0 = Debug|Any CPU
		{8CDB9983-4184-442D-A2FA-A40BCD08F76D}.Debug|x86.ActiveCfg = Debug|Any CPU
		{8CDB9983-4184-442D-A2FA-A40BCD08F76D}.Debug|x86.Build.0 = Debug|Any CPU
		{8CDB9983-4184-442D-A2FA-A40BCD08F76D}.Release|Any CPU.ActiveCfg = Release|Any CPU
		{8CDB9983-4184-442D-A2FA-A40BCD08F76D}.Release|Any CPU.Build.0 = Release|Any CPU
		{8CDB9983-4184-442D-A2FA-A40BCD08F76D}.Release|x64.ActiveCfg = Release|Any CPU
		{8CDB9983-4184-442D-A2FA-A40BCD08F76D}.Release|x64.Build.0 = Release|Any CPU
		{8CDB9983-4184-442D-A2FA-A40BCD08F76D}.Release|x86.ActiveCfg = Release|Any CPU
		{8CDB9983-4184-442D-A2FA-A40BCD08F76D}.Release|x86.Build.0 = Release|Any CPU
		{64D7F511-72FE-471C-9E25-7FFF23885070}.Debug|Any CPU.ActiveCfg = Debug|Any CPU
		{64D7F511-72FE-471C-9E25-7FFF23885070}.Debug|Any CPU.Build.0 = Debug|Any CPU
		{64D7F511-72FE-471C-9E25-7FFF23885070}.Debug|x64.ActiveCfg = Debug|Any CPU
		{64D7F511-72FE-471C-9E25-7FFF23885070}.Debug|x64.Build.0 = Debug|Any CPU
		{64D7F511-72FE-471C-9E25-7FFF23885070}.Debug|x86.ActiveCfg = Debug|Any CPU
		{64D7F511-72FE-471C-9E25-7FFF23885070}.Debug|x86.Build.0 = Debug|Any CPU
		{64D7F511-72FE-471C-9E25-7FFF23885070}.Release|Any CPU.ActiveCfg = Release|Any CPU
		{64D7F511-72FE-471C-9E25-7FFF23885070}.Release|Any CPU.Build.0 = Release|Any CPU
		{64D7F511-72FE-471C-9E25-7FFF23885070}.Release|x64.ActiveCfg = Release|Any CPU
		{64D7F511-72FE-471C-9E25-7FFF23885070}.Release|x64.Build.0 = Release|Any CPU
		{64D7F511-72FE-471C-9E25-7FFF23885070}.Release|x86.ActiveCfg = Release|Any CPU
		{64D7F511-72FE-471C-9E25-7FFF23885070}.Release|x86.Build.0 = Release|Any CPU
		{FE7ED500-0514-4C44-BDF9-25CD4F00D4C1}.Debug|Any CPU.ActiveCfg = Debug|Any CPU
		{FE7ED500-0514-4C44-BDF9-25CD4F00D4C1}.Debug|Any CPU.Build.0 = Debug|Any CPU
		{FE7ED500-0514-4C44-BDF9-25CD4F00D4C1}.Debug|x64.ActiveCfg = Debug|Any CPU
		{FE7ED500-0514-4C44-BDF9-25CD4F00D4C1}.Debug|x64.Build.0 = Debug|Any CPU
		{FE7ED500-0514-4C44-BDF9-25CD4F00D4C1}.Debug|x86.ActiveCfg = Debug|Any CPU
		{FE7ED500-0514-4C44-BDF9-25CD4F00D4C1}.Debug|x86.Build.0 = Debug|Any CPU
		{FE7ED500-0514-4C44-BDF9-25CD4F00D4C1}.Release|Any CPU.ActiveCfg = Release|Any CPU
		{FE7ED500-0514-4C44-BDF9-25CD4F00D4C1}.Release|Any CPU.Build.0 = Release|Any CPU
		{FE7ED500-0514-4C44-BDF9-25CD4F00D4C1}.Release|x64.ActiveCfg = Release|Any CPU
		{FE7ED500-0514-4C44-BDF9-25CD4F00D4C1}.Release|x64.Build.0 = Release|Any CPU
		{FE7ED500-0514-4C44-BDF9-25CD4F00D4C1}.Release|x86.ActiveCfg = Release|Any CPU
		{FE7ED500-0514-4C44-BDF9-25CD4F00D4C1}.Release|x86.Build.0 = Release|Any CPU
		{924B1933-F0B2-469E-BA6D-84C30C8CA06B}.Debug|Any CPU.ActiveCfg = Debug|Any CPU
		{924B1933-F0B2-469E-BA6D-84C30C8CA06B}.Debug|Any CPU.Build.0 = Debug|Any CPU
		{924B1933-F0B2-469E-BA6D-84C30C8CA06B}.Debug|x64.ActiveCfg = Debug|Any CPU
		{924B1933-F0B2-469E-BA6D-84C30C8CA06B}.Debug|x64.Build.0 = Debug|Any CPU
		{924B1933-F0B2-469E-BA6D-84C30C8CA06B}.Debug|x86.ActiveCfg = Debug|Any CPU
		{924B1933-F0B2-469E-BA6D-84C30C8CA06B}.Debug|x86.Build.0 = Debug|Any CPU
		{924B1933-F0B2-469E-BA6D-84C30C8CA06B}.Release|Any CPU.ActiveCfg = Release|Any CPU
		{924B1933-F0B2-469E-BA6D-84C30C8CA06B}.Release|Any CPU.Build.0 = Release|Any CPU
		{924B1933-F0B2-469E-BA6D-84C30C8CA06B}.Release|x64.ActiveCfg = Release|Any CPU
		{924B1933-F0B2-469E-BA6D-84C30C8CA06B}.Release|x64.Build.0 = Release|Any CPU
		{924B1933-F0B2-469E-BA6D-84C30C8CA06B}.Release|x86.ActiveCfg = Release|Any CPU
		{924B1933-F0B2-469E-BA6D-84C30C8CA06B}.Release|x86.Build.0 = Release|Any CPU
		{8E7A8F6B-814E-41D9-B879-94FFE42478FD}.Debug|Any CPU.ActiveCfg = Debug|Any CPU
		{8E7A8F6B-814E-41D9-B879-94FFE42478FD}.Debug|Any CPU.Build.0 = Debug|Any CPU
		{8E7A8F6B-814E-41D9-B879-94FFE42478FD}.Debug|x64.ActiveCfg = Debug|Any CPU
		{8E7A8F6B-814E-41D9-B879-94FFE42478FD}.Debug|x64.Build.0 = Debug|Any CPU
		{8E7A8F6B-814E-41D9-B879-94FFE42478FD}.Debug|x86.ActiveCfg = Debug|Any CPU
		{8E7A8F6B-814E-41D9-B879-94FFE42478FD}.Debug|x86.Build.0 = Debug|Any CPU
		{8E7A8F6B-814E-41D9-B879-94FFE42478FD}.Release|Any CPU.ActiveCfg = Release|Any CPU
		{8E7A8F6B-814E-41D9-B879-94FFE42478FD}.Release|Any CPU.Build.0 = Release|Any CPU
		{8E7A8F6B-814E-41D9-B879-94FFE42478FD}.Release|x64.ActiveCfg = Release|Any CPU
		{8E7A8F6B-814E-41D9-B879-94FFE42478FD}.Release|x64.Build.0 = Release|Any CPU
		{8E7A8F6B-814E-41D9-B879-94FFE42478FD}.Release|x86.ActiveCfg = Release|Any CPU
		{8E7A8F6B-814E-41D9-B879-94FFE42478FD}.Release|x86.Build.0 = Release|Any CPU
	EndGlobalSection
	GlobalSection(SolutionProperties) = preSolution
		HideSolutionNode = FALSE
	EndGlobalSection
	GlobalSection(NestedProjects) = preSolution
		{F339279F-DF5C-4EF2-8F8B-5C79FCC5D174} = {827E0CD3-B72D-47B6-A68D-7590B98EB39B}
		{BA83A61F-38E7-4DDE-A204-78114D56BF6B} = {827E0CD3-B72D-47B6-A68D-7590B98EB39B}
		{4697476D-6E68-4229-8676-CDF7872CFDC7} = {827E0CD3-B72D-47B6-A68D-7590B98EB39B}
		{52C7632D-71AE-40BE-9D25-15AB8A394BB2} = {827E0CD3-B72D-47B6-A68D-7590B98EB39B}
		{8CDB9983-4184-442D-A2FA-A40BCD08F76D} = {827E0CD3-B72D-47B6-A68D-7590B98EB39B}
		{64D7F511-72FE-471C-9E25-7FFF23885070} = {827E0CD3-B72D-47B6-A68D-7590B98EB39B}
		{FE7ED500-0514-4C44-BDF9-25CD4F00D4C1} = {827E0CD3-B72D-47B6-A68D-7590B98EB39B}
		{924B1933-F0B2-469E-BA6D-84C30C8CA06B} = {827E0CD3-B72D-47B6-A68D-7590B98EB39B}
		{8E7A8F6B-814E-41D9-B879-94FFE42478FD} = {827E0CD3-B72D-47B6-A68D-7590B98EB39B}
	EndGlobalSection
EndGlobal
